
Microsoft Visual Studio Solution File, Format Version 12.00
# Visual Studio 15
VisualStudioVersion = 15.0.28010.2046
MinimumVisualStudioVersion = 10.0.40219.1
Project("{FAE04EC0-301F-11D3-BF4B-00C04F79EFBC}") = "NumberConverter", "NumberConverter\NumberConverter.csproj", "{DC83E737-B928-4621-8508-8679B8EBC7C5}"
EndProject
Project("{FAE04EC0-301F-11D3-BF4B-00C04F79EFBC}") = "DBAdapter", "DBAdapter\DBAdapter.csproj", "{413C8708-BE22-4A22-B3C3-6AACBEBFC483}"
EndProject
Project("{FAE04EC0-301F-11D3-BF4B-00C04F79EFBC}") = "DBModels", "DBModels\DBModels.csproj", "{29BF3553-D809-4766-A40B-C3B1A6D204DF}"
EndProject
Project("{FAE04EC0-301F-11D3-BF4B-00C04F79EFBC}") = "Tools", "Tools\Tools.csproj", "{5A6C6BB0-57F5-4259-888D-3416FC9C28BA}"
EndProject
Project("{FAE04EC0-301F-11D3-BF4B-00C04F79EFBC}") = "Managers", "Managers\Managers.csproj", "{0E998703-A30D-4E56-8539-81BE353EF035}"
EndProject
Global
	GlobalSection(SolutionConfigurationPlatforms) = preSolution
		Debug|Any CPU = Debug|Any CPU
		Release|Any CPU = Release|Any CPU
	EndGlobalSection
	GlobalSection(ProjectConfigurationPlatforms) = postSolution
		{DC83E737-B928-4621-8508-8679B8EBC7C5}.Debug|Any CPU.ActiveCfg = Debug|Any CPU
		{DC83E737-B928-4621-8508-8679B8EBC7C5}.Debug|Any CPU.Build.0 = Debug|Any CPU
		{DC83E737-B928-4621-8508-8679B8EBC7C5}.Release|Any CPU.ActiveCfg = Release|Any CPU
		{DC83E737-B928-4621-8508-8679B8EBC7C5}.Release|Any CPU.Build.0 = Release|Any CPU
		{413C8708-BE22-4A22-B3C3-6AACBEBFC483}.Debug|Any CPU.ActiveCfg = Debug|Any CPU
		{413C8708-BE22-4A22-B3C3-6AACBEBFC483}.Debug|Any CPU.Build.0 = Debug|Any CPU
		{413C8708-BE22-4A22-B3C3-6AACBEBFC483}.Release|Any CPU.ActiveCfg = Release|Any CPU
		{413C8708-BE22-4A22-B3C3-6AACBEBFC483}.Release|Any CPU.Build.0 = Release|Any CPU
		{29BF3553-D809-4766-A40B-C3B1A6D204DF}.Debug|Any CPU.ActiveCfg = Debug|Any CPU
		{29BF3553-D809-4766-A40B-C3B1A6D204DF}.Debug|Any CPU.Build.0 = Debug|Any CPU
		{29BF3553-D809-4766-A40B-C3B1A6D204DF}.Release|Any CPU.ActiveCfg = Release|Any CPU
		{29BF3553-D809-4766-A40B-C3B1A6D204DF}.Release|Any CPU.Build.0 = Release|Any CPU
		{5A6C6BB0-57F5-4259-888D-3416FC9C28BA}.Debug|Any CPU.ActiveCfg = Debug|Any CPU
		{5A6C6BB0-57F5-4259-888D-3416FC9C28BA}.Debug|Any CPU.Build.0 = Debug|Any CPU
		{5A6C6BB0-57F5-4259-888D-3416FC9C28BA}.Release|Any CPU.ActiveCfg = Release|Any CPU
		{5A6C6BB0-57F5-4259-888D-3416FC9C28BA}.Release|Any CPU.Build.0 = Release|Any CPU
		{0E998703-A30D-4E56-8539-81BE353EF035}.Debug|Any CPU.ActiveCfg = Debug|Any CPU
		{0E998703-A30D-4E56-8539-81BE353EF035}.Debug|Any CPU.Build.0 = Debug|Any CPU
		{0E998703-A30D-4E56-8539-81BE353EF035}.Release|Any CPU.ActiveCfg = Release|Any CPU
		{0E998703-A30D-4E56-8539-81BE353EF035}.Release|Any CPU.Build.0 = Release|Any CPU
	EndGlobalSection
	GlobalSection(SolutionProperties) = preSolution
		HideSolutionNode = FALSE
	EndGlobalSection
	GlobalSection(ExtensibilityGlobals) = postSolution
		SolutionGuid = {D5E6B991-075D-483D-9AFC-ED12A26DE808}
	EndGlobalSection
EndGlobal
